{"version":4,"terraform_version":"1.10.1","serial":16,"lineage":"9ddb781d-6f90-3c01-0057-1b6c317d80d0","outputs":{},"resources":[{"module":"module.ec2","mode":"data","type":"aws_ami","name":"amazon_linux","provider":"provider[\"registry.opentofu.org/hashicorp/aws\"]","instances":[{"schema_version":0,"attributes":{"allow_unsafe_filter":null,"architecture":"x86_64","arn":"arn:aws:ec2:eu-north-1::image/ami-0da6daf5e3e5ea2a8","block_device_mappings":[{"device_name":"/dev/xvda","ebs":{"delete_on_termination":"true","encrypted":"false","iops":"0","snapshot_id":"snap-0c6bdbd91905b77ec","throughput":"0","volume_initialization_rate":"0","volume_size":"8","volume_type":"gp2"},"no_device":"","virtual_name":""}],"boot_mode":"","creation_date":"2025-06-20T08:42:14.000Z","deprecation_time":"2025-09-18T08:42:00.000Z","description":"Amazon Linux 2 AMI 2.0.20250623.0 x86_64 HVM gp2","ena_support":true,"executable_users":null,"filter":[{"name":"name","values":["amzn2-ami-hvm-*-x86_64-gp2"]}],"hypervisor":"xen","id":"ami-0da6daf5e3e5ea2a8","image_id":"ami-0da6daf5e3e5ea2a8","image_location":"amazon/amzn2-ami-hvm-2.0.20250623.0-x86_64-gp2","image_owner_alias":"amazon","image_type":"machine","imds_support":"","include_deprecated":false,"kernel_id":"","last_launched_time":"","most_recent":true,"name":"amzn2-ami-hvm-2.0.20250623.0-x86_64-gp2","name_regex":null,"owner_id":"137112412989","owners":["amazon"],"platform":"","platform_details":"Linux/UNIX","product_codes":[],"public":true,"ramdisk_id":"","region":"eu-north-1","root_device_name":"/dev/xvda","root_device_type":"ebs","root_snapshot_id":"snap-0c6bdbd91905b77ec","sriov_net_support":"simple","state":"available","state_reason":{"code":"UNSET","message":"UNSET"},"tags":{},"timeouts":null,"tpm_support":"","uefi_data":null,"usage_operation":"RunInstances","virtualization_type":"hvm"},"sensitive_attributes":[]}]},{"module":"module.ec2","mode":"managed","type":"aws_security_group","name":"ec2_sg","provider":"provider[\"registry.opentofu.org/hashicorp/aws\"]","instances":[{"schema_version":1,"attributes":{"arn":"arn:aws:ec2:eu-north-1:158374732965:security-group/sg-0ff51a8eadf7f26e3","description":"Permitir HTTP desde internet y SSH desde tu IP","egress":[{"cidr_blocks":["0.0.0.0/0"],"description":"","from_port":0,"ipv6_cidr_blocks":[],"prefix_list_ids":[],"protocol":"-1","security_groups":[],"self":false,"to_port":0}],"id":"sg-0ff51a8eadf7f26e3","ingress":[{"cidr_blocks":["0.0.0.0/0"],"description":"","from_port":3000,"ipv6_cidr_blocks":[],"prefix_list_ids":[],"protocol":"tcp","security_groups":[],"self":false,"to_port":3000},{"cidr_blocks":["179.60.64.116/32"],"description":"","from_port":22,"ipv6_cidr_blocks":[],"prefix_list_ids":[],"protocol":"tcp","security_groups":[],"self":false,"to_port":22}],"name":"recooba-ec2-sg","name_prefix":"","owner_id":"158374732965","region":"eu-north-1","revoke_rules_on_delete":false,"tags":{"Name":"recooba-ec2-sg"},"tags_all":{"Name":"recooba-ec2-sg"},"timeouts":null,"vpc_id":"vpc-0ba9dd2738a0bf85f"},"sensitive_attributes":[],"private":"eyJlMmJmYjczMC1lY2FhLTExZTYtOGY4OC0zNDM2M2JjN2M0YzAiOnsiY3JlYXRlIjo2MDAwMDAwMDAwMDAsImRlbGV0ZSI6OTAwMDAwMDAwMDAwfSwic2NoZW1hX3ZlcnNpb24iOiIxIn0=","dependencies":["module.vpc.aws_vpc.main"]}]},{"module":"module.sg_rds","mode":"managed","type":"aws_security_group","name":"rds_sg","provider":"provider[\"registry.opentofu.org/hashicorp/aws\"]","instances":[{"schema_version":1,"attributes":{"arn":"arn:aws:ec2:eu-north-1:158374732965:security-group/sg-041ae66b67982210c","description":"Permitir acceso al RDS desde instancias autorizadas","egress":[{"cidr_blocks":["0.0.0.0/0"],"description":"","from_port":0,"ipv6_cidr_blocks":[],"prefix_list_ids":[],"protocol":"-1","security_groups":[],"self":false,"to_port":0}],"id":"sg-041ae66b67982210c","ingress":[{"cidr_blocks":["179.60.64.116/32"],"description":"","from_port":3306,"ipv6_cidr_blocks":[],"prefix_list_ids":[],"protocol":"tcp","security_groups":[],"self":false,"to_port":3306}],"name":"recooba-rds-sg","name_prefix":"","owner_id":"158374732965","region":"eu-north-1","revoke_rules_on_delete":false,"tags":{"Name":"recooba-rds-sg"},"tags_all":{"Name":"recooba-rds-sg"},"timeouts":null,"vpc_id":"vpc-0ba9dd2738a0bf85f"},"sensitive_attributes":[],"private":"eyJlMmJmYjczMC1lY2FhLTExZTYtOGY4OC0zNDM2M2JjN2M0YzAiOnsiY3JlYXRlIjo2MDAwMDAwMDAwMDAsImRlbGV0ZSI6OTAwMDAwMDAwMDAwfSwic2NoZW1hX3ZlcnNpb24iOiIxIn0=","dependencies":["module.vpc.aws_vpc.main"]}]},{"module":"module.vpc","mode":"managed","type":"aws_internet_gateway","name":"igw","provider":"provider[\"registry.opentofu.org/hashicorp/aws\"]","instances":[{"schema_version":0,"attributes":{"arn":"arn:aws:ec2:eu-north-1:158374732965:internet-gateway/igw-06e9e5ec2eda751c8","id":"igw-06e9e5ec2eda751c8","owner_id":"158374732965","region":"eu-north-1","tags":{"Name":"recooba-igw"},"tags_all":{"Name":"recooba-igw"},"timeouts":null,"vpc_id":"vpc-0ba9dd2738a0bf85f"},"sensitive_attributes":[],"private":"eyJlMmJmYjczMC1lY2FhLTExZTYtOGY4OC0zNDM2M2JjN2M0YzAiOnsiY3JlYXRlIjoxMjAwMDAwMDAwMDAwLCJkZWxldGUiOjEyMDAwMDAwMDAwMDAsInVwZGF0ZSI6MTIwMDAwMDAwMDAwMH19","dependencies":["module.vpc.aws_vpc.main"]}]},{"module":"module.vpc","mode":"managed","type":"aws_route","name":"internet_access","provider":"provider[\"registry.opentofu.org/hashicorp/aws\"]","instances":[{"schema_version":0,"attributes":{"carrier_gateway_id":"","core_network_arn":"","destination_cidr_block":"0.0.0.0/0","destination_ipv6_cidr_block":"","destination_prefix_list_id":"","egress_only_gateway_id":"","gateway_id":"igw-06e9e5ec2eda751c8","id":"r-rtb-046f46df1936993cc1080289494","instance_id":"","instance_owner_id":"","local_gateway_id":"","nat_gateway_id":"","network_interface_id":"","origin":"CreateRoute","region":"eu-north-1","route_table_id":"rtb-046f46df1936993cc","state":"active","timeouts":null,"transit_gateway_id":"","vpc_endpoint_id":"","vpc_peering_connection_id":""},"sensitive_attributes":[],"private":"eyJlMmJmYjczMC1lY2FhLTExZTYtOGY4OC0zNDM2M2JjN2M0YzAiOnsiY3JlYXRlIjozMDAwMDAwMDAwMDAsImRlbGV0ZSI6MzAwMDAwMDAwMDAwLCJ1cGRhdGUiOjEyMDAwMDAwMDAwMH19","dependencies":["module.vpc.aws_internet_gateway.igw","module.vpc.aws_route_table.public_rt","module.vpc.aws_vpc.main"]}]},{"module":"module.vpc","mode":"managed","type":"aws_route_table","name":"public_rt","provider":"provider[\"registry.opentofu.org/hashicorp/aws\"]","instances":[{"schema_version":0,"attributes":{"arn":"arn:aws:ec2:eu-north-1:158374732965:route-table/rtb-046f46df1936993cc","id":"rtb-046f46df1936993cc","owner_id":"158374732965","propagating_vgws":[],"region":"eu-north-1","route":[{"carrier_gateway_id":"","cidr_block":"0.0.0.0/0","core_network_arn":"","destination_prefix_list_id":"","egress_only_gateway_id":"","gateway_id":"igw-06e9e5ec2eda751c8","ipv6_cidr_block":"","local_gateway_id":"","nat_gateway_id":"","network_interface_id":"","transit_gateway_id":"","vpc_endpoint_id":"","vpc_peering_connection_id":""}],"tags":{"Name":"recooba-public-rt"},"tags_all":{"Name":"recooba-public-rt"},"timeouts":null,"vpc_id":"vpc-0ba9dd2738a0bf85f"},"sensitive_attributes":[],"private":"eyJlMmJmYjczMC1lY2FhLTExZTYtOGY4OC0zNDM2M2JjN2M0YzAiOnsiY3JlYXRlIjozMDAwMDAwMDAwMDAsImRlbGV0ZSI6MzAwMDAwMDAwMDAwLCJ1cGRhdGUiOjEyMDAwMDAwMDAwMH19","dependencies":["module.vpc.aws_vpc.main"]}]},{"module":"module.vpc","mode":"managed","type":"aws_vpc","name":"main","provider":"provider[\"registry.opentofu.org/hashicorp/aws\"]","instances":[{"schema_version":1,"attributes":{"arn":"arn:aws:ec2:eu-north-1:158374732965:vpc/vpc-0ba9dd2738a0bf85f","assign_generated_ipv6_cidr_block":false,"cidr_block":"10.0.0.0/16","default_network_acl_id":"acl-0ba947ae4cb9a54f5","default_route_table_id":"rtb-0974d3ba09b252cbd","default_security_group_id":"sg-0a5e3cd16ee9e5e29","dhcp_options_id":"dopt-0b7df31a806d26981","enable_dns_hostnames":true,"enable_dns_support":true,"enable_network_address_usage_metrics":false,"id":"vpc-0ba9dd2738a0bf85f","instance_tenancy":"default","ipv4_ipam_pool_id":null,"ipv4_netmask_length":null,"ipv6_association_id":"","ipv6_cidr_block":"","ipv6_cidr_block_network_border_group":"","ipv6_ipam_pool_id":"","ipv6_netmask_length":0,"main_route_table_id":"rtb-0974d3ba09b252cbd","owner_id":"158374732965","region":"eu-north-1","tags":{"Name":"recooba-vpc"},"tags_all":{"Name":"recooba-vpc"}},"sensitive_attributes":[],"private":"eyJzY2hlbWFfdmVyc2lvbiI6IjEifQ=="}]}],"check_results":null}
