{"version":4,"terraform_version":"1.10.1","serial":18,"lineage":"9ddb781d-6f90-3c01-0057-1b6c317d80d0","outputs":{"rds_endpoint":{"value":"recooba-db.cny848ig8m63.eu-north-1.rds.amazonaws.com:3306","type":"string"}},"resources":[{"module":"module.ec2","mode":"data","type":"aws_ami","name":"amazon_linux","provider":"provider[\"registry.opentofu.org/hashicorp/aws\"]","instances":[{"schema_version":0,"attributes":{"allow_unsafe_filter":null,"architecture":"x86_64","arn":"arn:aws:ec2:eu-north-1::image/ami-0da6daf5e3e5ea2a8","block_device_mappings":[{"device_name":"/dev/xvda","ebs":{"delete_on_termination":"true","encrypted":"false","iops":"0","snapshot_id":"snap-0c6bdbd91905b77ec","throughput":"0","volume_initialization_rate":"0","volume_size":"8","volume_type":"gp2"},"no_device":"","virtual_name":""}],"boot_mode":"","creation_date":"2025-06-20T08:42:14.000Z","deprecation_time":"2025-09-18T08:42:00.000Z","description":"Amazon Linux 2 AMI 2.0.20250623.0 x86_64 HVM gp2","ena_support":true,"executable_users":null,"filter":[{"name":"name","values":["amzn2-ami-hvm-*-x86_64-gp2"]}],"hypervisor":"xen","id":"ami-0da6daf5e3e5ea2a8","image_id":"ami-0da6daf5e3e5ea2a8","image_location":"amazon/amzn2-ami-hvm-2.0.20250623.0-x86_64-gp2","image_owner_alias":"amazon","image_type":"machine","imds_support":"","include_deprecated":false,"kernel_id":"","last_launched_time":"","most_recent":true,"name":"amzn2-ami-hvm-2.0.20250623.0-x86_64-gp2","name_regex":null,"owner_id":"137112412989","owners":["amazon"],"platform":"","platform_details":"Linux/UNIX","product_codes":[],"public":true,"ramdisk_id":"","region":"eu-north-1","root_device_name":"/dev/xvda","root_device_type":"ebs","root_snapshot_id":"snap-0c6bdbd91905b77ec","sriov_net_support":"simple","state":"available","state_reason":{"code":"UNSET","message":"UNSET"},"tags":{},"timeouts":null,"tpm_support":"","uefi_data":null,"usage_operation":"RunInstances","virtualization_type":"hvm"},"sensitive_attributes":[]}]},{"module":"module.ec2","mode":"managed","type":"aws_instance","name":"backend","provider":"provider[\"registry.opentofu.org/hashicorp/aws\"]","instances":[{"schema_version":2,"attributes":{"ami":"ami-0da6daf5e3e5ea2a8","arn":"arn:aws:ec2:eu-north-1:158374732965:instance/i-02e663526d315f498","associate_public_ip_address":true,"availability_zone":"eu-north-1a","capacity_reservation_specification":[{"capacity_reservation_preference":"open","capacity_reservation_target":[]}],"cpu_options":[{"amd_sev_snp":"","core_count":1,"threads_per_core":2}],"credit_specification":[{"cpu_credits":"unlimited"}],"disable_api_stop":false,"disable_api_termination":false,"ebs_block_device":[],"ebs_optimized":false,"enable_primary_ipv6":null,"enclave_options":[{"enabled":false}],"ephemeral_block_device":[],"get_password_data":false,"hibernation":false,"host_id":"","host_resource_group_arn":null,"iam_instance_profile":"","id":"i-02e663526d315f498","instance_initiated_shutdown_behavior":"stop","instance_lifecycle":"","instance_market_options":[],"instance_state":"running","instance_type":"t3.micro","ipv6_address_count":0,"ipv6_addresses":[],"key_name":"recooba-key","launch_template":[],"maintenance_options":[{"auto_recovery":"default"}],"metadata_options":[{"http_endpoint":"enabled","http_protocol_ipv6":"disabled","http_put_response_hop_limit":1,"http_tokens":"optional","instance_metadata_tags":"disabled"}],"monitoring":false,"network_interface":[],"outpost_arn":"","password_data":"","placement_group":"","placement_partition_number":0,"primary_network_interface_id":"eni-0314149f0f990e705","private_dns":"ip-10-0-1-89.eu-north-1.compute.internal","private_dns_name_options":[{"enable_resource_name_dns_a_record":false,"enable_resource_name_dns_aaaa_record":false,"hostname_type":"ip-name"}],"private_ip":"10.0.1.89","public_dns":"ec2-16-171-116-25.eu-north-1.compute.amazonaws.com","public_ip":"16.171.116.25","region":"eu-north-1","root_block_device":[{"delete_on_termination":true,"device_name":"/dev/xvda","encrypted":false,"iops":100,"kms_key_id":"","tags":{},"tags_all":{},"throughput":0,"volume_id":"vol-00dd44373823452d6","volume_size":8,"volume_type":"gp2"}],"secondary_private_ips":[],"security_groups":[],"source_dest_check":true,"spot_instance_request_id":"","subnet_id":"subnet-0c30242a3e8a53a4b","tags":{"Name":"recooba-backend"},"tags_all":{"Name":"recooba-backend"},"tenancy":"default","timeouts":null,"user_data":"#!/bin/bash\nyum update -y\ncurl -sL https://rpm.nodesource.com/setup_16.x | bash -\nyum install -y nodejs git\ncd /home/ec2-user\ngit clone https://github.com/rgomezl/recooba.git app\ncd app/backend\nnpm install\nnpm start \u003e app.log 2\u003e\u00261 \u0026\n","user_data_base64":null,"user_data_replace_on_change":false,"volume_tags":null,"vpc_security_group_ids":["sg-0ff51a8eadf7f26e3"]},"sensitive_attributes":[],"private":"eyJlMmJmYjczMC1lY2FhLTExZTYtOGY4OC0zNDM2M2JjN2M0YzAiOnsiY3JlYXRlIjo2MDAwMDAwMDAwMDAsImRlbGV0ZSI6MTIwMDAwMDAwMDAwMCwicmVhZCI6OTAwMDAwMDAwMDAwLCJ1cGRhdGUiOjYwMDAwMDAwMDAwMH0sInNjaGVtYV92ZXJzaW9uIjoiMiJ9","dependencies":["module.ec2.aws_security_group.ec2_sg","module.ec2.data.aws_ami.amazon_linux","module.vpc.aws_subnet.public_subnet_a","module.vpc.aws_vpc.main"]}]},{"module":"module.ec2","mode":"managed","type":"aws_security_group","name":"ec2_sg","provider":"provider[\"registry.opentofu.org/hashicorp/aws\"]","instances":[{"schema_version":1,"attributes":{"arn":"arn:aws:ec2:eu-north-1:158374732965:security-group/sg-0ff51a8eadf7f26e3","description":"Permitir HTTP desde internet y SSH desde tu IP","egress":[{"cidr_blocks":["0.0.0.0/0"],"description":"","from_port":0,"ipv6_cidr_blocks":[],"prefix_list_ids":[],"protocol":"-1","security_groups":[],"self":false,"to_port":0}],"id":"sg-0ff51a8eadf7f26e3","ingress":[{"cidr_blocks":["0.0.0.0/0"],"description":"","from_port":3000,"ipv6_cidr_blocks":[],"prefix_list_ids":[],"protocol":"tcp","security_groups":[],"self":false,"to_port":3000},{"cidr_blocks":["179.60.64.116/32"],"description":"","from_port":22,"ipv6_cidr_blocks":[],"prefix_list_ids":[],"protocol":"tcp","security_groups":[],"self":false,"to_port":22}],"name":"recooba-ec2-sg","name_prefix":"","owner_id":"158374732965","region":"eu-north-1","revoke_rules_on_delete":false,"tags":{"Name":"recooba-ec2-sg"},"tags_all":{"Name":"recooba-ec2-sg"},"timeouts":null,"vpc_id":"vpc-0ba9dd2738a0bf85f"},"sensitive_attributes":[],"private":"eyJlMmJmYjczMC1lY2FhLTExZTYtOGY4OC0zNDM2M2JjN2M0YzAiOnsiY3JlYXRlIjo2MDAwMDAwMDAwMDAsImRlbGV0ZSI6OTAwMDAwMDAwMDAwfSwic2NoZW1hX3ZlcnNpb24iOiIxIn0=","dependencies":["module.vpc.aws_vpc.main"]}]},{"module":"module.rds","mode":"managed","type":"aws_db_instance","name":"mariadb","provider":"provider[\"registry.opentofu.org/hashicorp/aws\"]","instances":[{"schema_version":2,"attributes":{"address":"recooba-db.cny848ig8m63.eu-north-1.rds.amazonaws.com","allocated_storage":20,"allow_major_version_upgrade":null,"apply_immediately":false,"arn":"arn:aws:rds:eu-north-1:158374732965:db:recooba-db","auto_minor_version_upgrade":true,"availability_zone":"eu-north-1a","backup_retention_period":0,"backup_target":"region","backup_window":"06:29-06:59","blue_green_update":[],"ca_cert_identifier":"rds-ca-rsa2048-g1","character_set_name":"","copy_tags_to_snapshot":false,"custom_iam_instance_profile":"","customer_owned_ip_enabled":false,"database_insights_mode":"standard","db_name":"recoobadb","db_subnet_group_name":"recooba-subnet-group","dedicated_log_volume":false,"delete_automated_backups":true,"deletion_protection":false,"domain":"","domain_auth_secret_arn":"","domain_dns_ips":null,"domain_fqdn":"","domain_iam_role_name":"","domain_ou":"","enabled_cloudwatch_logs_exports":null,"endpoint":"recooba-db.cny848ig8m63.eu-north-1.rds.amazonaws.com:3306","engine":"mariadb","engine_lifecycle_support":"","engine_version":"10.6","engine_version_actual":"10.6.21","final_snapshot_identifier":null,"hosted_zone_id":"Z3MPDEQW7KHUGY","iam_database_authentication_enabled":false,"id":"db-VT6LZNOH32RX3CCP37MQIFTX54","identifier":"recooba-db","identifier_prefix":"","instance_class":"db.t3.micro","iops":0,"kms_key_id":"","latest_restorable_time":"","license_model":"general-public-license","listener_endpoint":[],"maintenance_window":"wed:02:45-wed:03:15","manage_master_user_password":null,"master_user_secret":[],"master_user_secret_kms_key_id":null,"max_allocated_storage":0,"monitoring_interval":0,"monitoring_role_arn":"","multi_az":false,"nchar_character_set_name":"","network_type":"IPV4","option_group_name":"default:mariadb-10-6","parameter_group_name":"default.mariadb10.6","password":"RecoobaSecure2025","password_wo":null,"password_wo_version":null,"performance_insights_enabled":false,"performance_insights_kms_key_id":"","performance_insights_retention_period":0,"port":3306,"publicly_accessible":true,"region":"eu-north-1","replica_mode":"","replicas":[],"replicate_source_db":"","resource_id":"db-VT6LZNOH32RX3CCP37MQIFTX54","restore_to_point_in_time":[],"s3_import":[],"skip_final_snapshot":true,"snapshot_identifier":null,"status":"available","storage_encrypted":false,"storage_throughput":0,"storage_type":"gp2","tags":{"Name":"recooba-db"},"tags_all":{"Name":"recooba-db"},"timeouts":null,"timezone":"","upgrade_storage_config":null,"username":"admin","vpc_security_group_ids":["sg-041ae66b67982210c"]},"sensitive_attributes":[[{"type":"get_attr","value":"password_wo"}],[{"type":"get_attr","value":"password"}]],"private":"eyJlMmJmYjczMC1lY2FhLTExZTYtOGY4OC0zNDM2M2JjN2M0YzAiOnsiY3JlYXRlIjozMDAwMDAwMDAwMDAwLCJkZWxldGUiOjM2MDAwMDAwMDAwMDAsInVwZGF0ZSI6NDgwMDAwMDAwMDAwMH0sInNjaGVtYV92ZXJzaW9uIjoiMiJ9","dependencies":["module.rds.aws_db_subnet_group.main","module.sg_rds.aws_security_group.rds_sg","module.vpc.aws_subnet.public_subnet_a","module.vpc.aws_subnet.public_subnet_b","module.vpc.aws_vpc.main"]}]},{"module":"module.rds","mode":"managed","type":"aws_db_subnet_group","name":"main","provider":"provider[\"registry.opentofu.org/hashicorp/aws\"]","instances":[{"schema_version":0,"attributes":{"arn":"arn:aws:rds:eu-north-1:158374732965:subgrp:recooba-subnet-group","description":"Managed by Terraform","id":"recooba-subnet-group","name":"recooba-subnet-group","name_prefix":"","region":"eu-north-1","subnet_ids":["subnet-02cc8ac714edfbb64","subnet-0c30242a3e8a53a4b"],"supported_network_types":["IPV4"],"tags":{"Name":"recooba-subnet-group"},"tags_all":{"Name":"recooba-subnet-group"},"vpc_id":"vpc-0ba9dd2738a0bf85f"},"sensitive_attributes":[],"private":"bnVsbA==","dependencies":["module.vpc.aws_subnet.public_subnet_a","module.vpc.aws_subnet.public_subnet_b","module.vpc.aws_vpc.main"]}]},{"module":"module.sg_rds","mode":"managed","type":"aws_security_group","name":"rds_sg","provider":"provider[\"registry.opentofu.org/hashicorp/aws\"]","instances":[{"schema_version":1,"attributes":{"arn":"arn:aws:ec2:eu-north-1:158374732965:security-group/sg-041ae66b67982210c","description":"Permitir acceso al RDS desde instancias autorizadas","egress":[{"cidr_blocks":["0.0.0.0/0"],"description":"","from_port":0,"ipv6_cidr_blocks":[],"prefix_list_ids":[],"protocol":"-1","security_groups":[],"self":false,"to_port":0}],"id":"sg-041ae66b67982210c","ingress":[{"cidr_blocks":["179.60.64.116/32"],"description":"","from_port":3306,"ipv6_cidr_blocks":[],"prefix_list_ids":[],"protocol":"tcp","security_groups":[],"self":false,"to_port":3306}],"name":"recooba-rds-sg","name_prefix":"","owner_id":"158374732965","region":"eu-north-1","revoke_rules_on_delete":false,"tags":{"Name":"recooba-rds-sg"},"tags_all":{"Name":"recooba-rds-sg"},"timeouts":null,"vpc_id":"vpc-0ba9dd2738a0bf85f"},"sensitive_attributes":[],"private":"eyJlMmJmYjczMC1lY2FhLTExZTYtOGY4OC0zNDM2M2JjN2M0YzAiOnsiY3JlYXRlIjo2MDAwMDAwMDAwMDAsImRlbGV0ZSI6OTAwMDAwMDAwMDAwfSwic2NoZW1hX3ZlcnNpb24iOiIxIn0=","dependencies":["module.vpc.aws_vpc.main"]}]},{"module":"module.vpc","mode":"managed","type":"aws_internet_gateway","name":"igw","provider":"provider[\"registry.opentofu.org/hashicorp/aws\"]","instances":[{"schema_version":0,"attributes":{"arn":"arn:aws:ec2:eu-north-1:158374732965:internet-gateway/igw-06e9e5ec2eda751c8","id":"igw-06e9e5ec2eda751c8","owner_id":"158374732965","region":"eu-north-1","tags":{"Name":"recooba-igw"},"tags_all":{"Name":"recooba-igw"},"timeouts":null,"vpc_id":"vpc-0ba9dd2738a0bf85f"},"sensitive_attributes":[],"private":"eyJlMmJmYjczMC1lY2FhLTExZTYtOGY4OC0zNDM2M2JjN2M0YzAiOnsiY3JlYXRlIjoxMjAwMDAwMDAwMDAwLCJkZWxldGUiOjEyMDAwMDAwMDAwMDAsInVwZGF0ZSI6MTIwMDAwMDAwMDAwMH19","dependencies":["module.vpc.aws_vpc.main"]}]},{"module":"module.vpc","mode":"managed","type":"aws_route","name":"internet_access","provider":"provider[\"registry.opentofu.org/hashicorp/aws\"]","instances":[{"schema_version":0,"attributes":{"carrier_gateway_id":"","core_network_arn":"","destination_cidr_block":"0.0.0.0/0","destination_ipv6_cidr_block":"","destination_prefix_list_id":"","egress_only_gateway_id":"","gateway_id":"igw-06e9e5ec2eda751c8","id":"r-rtb-046f46df1936993cc1080289494","instance_id":"","instance_owner_id":"","local_gateway_id":"","nat_gateway_id":"","network_interface_id":"","origin":"CreateRoute","region":"eu-north-1","route_table_id":"rtb-046f46df1936993cc","state":"active","timeouts":null,"transit_gateway_id":"","vpc_endpoint_id":"","vpc_peering_connection_id":""},"sensitive_attributes":[],"private":"eyJlMmJmYjczMC1lY2FhLTExZTYtOGY4OC0zNDM2M2JjN2M0YzAiOnsiY3JlYXRlIjozMDAwMDAwMDAwMDAsImRlbGV0ZSI6MzAwMDAwMDAwMDAwLCJ1cGRhdGUiOjEyMDAwMDAwMDAwMH19","dependencies":["module.vpc.aws_internet_gateway.igw","module.vpc.aws_route_table.public_rt","module.vpc.aws_vpc.main"]}]},{"module":"module.vpc","mode":"managed","type":"aws_route_table","name":"public_rt","provider":"provider[\"registry.opentofu.org/hashicorp/aws\"]","instances":[{"schema_version":0,"attributes":{"arn":"arn:aws:ec2:eu-north-1:158374732965:route-table/rtb-046f46df1936993cc","id":"rtb-046f46df1936993cc","owner_id":"158374732965","propagating_vgws":[],"region":"eu-north-1","route":[{"carrier_gateway_id":"","cidr_block":"0.0.0.0/0","core_network_arn":"","destination_prefix_list_id":"","egress_only_gateway_id":"","gateway_id":"igw-06e9e5ec2eda751c8","ipv6_cidr_block":"","local_gateway_id":"","nat_gateway_id":"","network_interface_id":"","transit_gateway_id":"","vpc_endpoint_id":"","vpc_peering_connection_id":""}],"tags":{"Name":"recooba-public-rt"},"tags_all":{"Name":"recooba-public-rt"},"timeouts":null,"vpc_id":"vpc-0ba9dd2738a0bf85f"},"sensitive_attributes":[],"private":"eyJlMmJmYjczMC1lY2FhLTExZTYtOGY4OC0zNDM2M2JjN2M0YzAiOnsiY3JlYXRlIjozMDAwMDAwMDAwMDAsImRlbGV0ZSI6MzAwMDAwMDAwMDAwLCJ1cGRhdGUiOjEyMDAwMDAwMDAwMH19","dependencies":["module.vpc.aws_vpc.main"]}]},{"module":"module.vpc","mode":"managed","type":"aws_route_table_association","name":"public_subnet_assoc_a","provider":"provider[\"registry.opentofu.org/hashicorp/aws\"]","instances":[{"schema_version":0,"attributes":{"gateway_id":"","id":"rtbassoc-03da9a6ee1c74d026","region":"eu-north-1","route_table_id":"rtb-046f46df1936993cc","subnet_id":"subnet-0c30242a3e8a53a4b","timeouts":null},"sensitive_attributes":[],"private":"eyJlMmJmYjczMC1lY2FhLTExZTYtOGY4OC0zNDM2M2JjN2M0YzAiOnsiY3JlYXRlIjozMDAwMDAwMDAwMDAsImRlbGV0ZSI6MzAwMDAwMDAwMDAwLCJ1cGRhdGUiOjEyMDAwMDAwMDAwMH19","dependencies":["module.vpc.aws_route_table.public_rt","module.vpc.aws_subnet.public_subnet_a","module.vpc.aws_vpc.main"]}]},{"module":"module.vpc","mode":"managed","type":"aws_route_table_association","name":"public_subnet_assoc_b","provider":"provider[\"registry.opentofu.org/hashicorp/aws\"]","instances":[{"schema_version":0,"attributes":{"gateway_id":"","id":"rtbassoc-08f4d76bf92d66beb","region":"eu-north-1","route_table_id":"rtb-046f46df1936993cc","subnet_id":"subnet-02cc8ac714edfbb64","timeouts":null},"sensitive_attributes":[],"private":"eyJlMmJmYjczMC1lY2FhLTExZTYtOGY4OC0zNDM2M2JjN2M0YzAiOnsiY3JlYXRlIjozMDAwMDAwMDAwMDAsImRlbGV0ZSI6MzAwMDAwMDAwMDAwLCJ1cGRhdGUiOjEyMDAwMDAwMDAwMH19","dependencies":["module.vpc.aws_route_table.public_rt","module.vpc.aws_subnet.public_subnet_b","module.vpc.aws_vpc.main"]}]},{"module":"module.vpc","mode":"managed","type":"aws_subnet","name":"public_subnet_a","provider":"provider[\"registry.opentofu.org/hashicorp/aws\"]","instances":[{"schema_version":1,"attributes":{"arn":"arn:aws:ec2:eu-north-1:158374732965:subnet/subnet-0c30242a3e8a53a4b","assign_ipv6_address_on_creation":false,"availability_zone":"eu-north-1a","availability_zone_id":"eun1-az1","cidr_block":"10.0.1.0/24","customer_owned_ipv4_pool":"","enable_dns64":false,"enable_lni_at_device_index":0,"enable_resource_name_dns_a_record_on_launch":false,"enable_resource_name_dns_aaaa_record_on_launch":false,"id":"subnet-0c30242a3e8a53a4b","ipv6_cidr_block":"","ipv6_cidr_block_association_id":"","ipv6_native":false,"map_customer_owned_ip_on_launch":false,"map_public_ip_on_launch":true,"outpost_arn":"","owner_id":"158374732965","private_dns_hostname_type_on_launch":"ip-name","region":"eu-north-1","tags":{"Name":"recooba-public-subnet-a"},"tags_all":{"Name":"recooba-public-subnet-a"},"timeouts":null,"vpc_id":"vpc-0ba9dd2738a0bf85f"},"sensitive_attributes":[],"private":"eyJlMmJmYjczMC1lY2FhLTExZTYtOGY4OC0zNDM2M2JjN2M0YzAiOnsiY3JlYXRlIjo2MDAwMDAwMDAwMDAsImRlbGV0ZSI6MTIwMDAwMDAwMDAwMH0sInNjaGVtYV92ZXJzaW9uIjoiMSJ9","dependencies":["module.vpc.aws_vpc.main"]}]},{"module":"module.vpc","mode":"managed","type":"aws_subnet","name":"public_subnet_b","provider":"provider[\"registry.opentofu.org/hashicorp/aws\"]","instances":[{"schema_version":1,"attributes":{"arn":"arn:aws:ec2:eu-north-1:158374732965:subnet/subnet-02cc8ac714edfbb64","assign_ipv6_address_on_creation":false,"availability_zone":"eu-north-1b","availability_zone_id":"eun1-az2","cidr_block":"10.0.2.0/24","customer_owned_ipv4_pool":"","enable_dns64":false,"enable_lni_at_device_index":0,"enable_resource_name_dns_a_record_on_launch":false,"enable_resource_name_dns_aaaa_record_on_launch":false,"id":"subnet-02cc8ac714edfbb64","ipv6_cidr_block":"","ipv6_cidr_block_association_id":"","ipv6_native":false,"map_customer_owned_ip_on_launch":false,"map_public_ip_on_launch":true,"outpost_arn":"","owner_id":"158374732965","private_dns_hostname_type_on_launch":"ip-name","region":"eu-north-1","tags":{"Name":"recooba-public-subnet-b"},"tags_all":{"Name":"recooba-public-subnet-b"},"timeouts":null,"vpc_id":"vpc-0ba9dd2738a0bf85f"},"sensitive_attributes":[],"private":"eyJlMmJmYjczMC1lY2FhLTExZTYtOGY4OC0zNDM2M2JjN2M0YzAiOnsiY3JlYXRlIjo2MDAwMDAwMDAwMDAsImRlbGV0ZSI6MTIwMDAwMDAwMDAwMH0sInNjaGVtYV92ZXJzaW9uIjoiMSJ9","dependencies":["module.vpc.aws_vpc.main"]}]},{"module":"module.vpc","mode":"managed","type":"aws_vpc","name":"main","provider":"provider[\"registry.opentofu.org/hashicorp/aws\"]","instances":[{"schema_version":1,"attributes":{"arn":"arn:aws:ec2:eu-north-1:158374732965:vpc/vpc-0ba9dd2738a0bf85f","assign_generated_ipv6_cidr_block":false,"cidr_block":"10.0.0.0/16","default_network_acl_id":"acl-0ba947ae4cb9a54f5","default_route_table_id":"rtb-0974d3ba09b252cbd","default_security_group_id":"sg-0a5e3cd16ee9e5e29","dhcp_options_id":"dopt-0b7df31a806d26981","enable_dns_hostnames":true,"enable_dns_support":true,"enable_network_address_usage_metrics":false,"id":"vpc-0ba9dd2738a0bf85f","instance_tenancy":"default","ipv4_ipam_pool_id":null,"ipv4_netmask_length":null,"ipv6_association_id":"","ipv6_cidr_block":"","ipv6_cidr_block_network_border_group":"","ipv6_ipam_pool_id":"","ipv6_netmask_length":0,"main_route_table_id":"rtb-0974d3ba09b252cbd","owner_id":"158374732965","region":"eu-north-1","tags":{"Name":"recooba-vpc"},"tags_all":{"Name":"recooba-vpc"}},"sensitive_attributes":[],"private":"eyJzY2hlbWFfdmVyc2lvbiI6IjEifQ=="}]}],"check_results":null}
